// !$*UTF8*$!
{
	archiveVersion = 1;
	classes = {
	};
	objectVersion = 77;
	objects = {

/* Begin PBXContainerItemProxy section */
		B57917962CFD7E220011E825 /* PBXContainerItemProxy */ = {
			isa = PBXContainerItemProxy;
			containerPortal = B579177C2CFD7E210011E825 /* Project object */;
			proxyType = 1;
			remoteGlobalIDString = B57917832CFD7E210011E825;
			remoteInfo = CryptoTool;
		};
		B57917A02CFD7E220011E825 /* PBXContainerItemProxy */ = {
			isa = PBXContainerItemProxy;
			containerPortal = B579177C2CFD7E210011E825 /* Project object */;
			proxyType = 1;
			remoteGlobalIDString = B57917832CFD7E210011E825;
			remoteInfo = CryptoTool;
		};
/* End PBXContainerItemProxy section */

/* Begin PBXFileReference section */
		B57917842CFD7E210011E825 /* CryptoTool.app */ = {isa = PBXFileReference; explicitFileType = wrapper.application; includeInIndex = 0; path = CryptoTool.app; sourceTree = BUILT_PRODUCTS_DIR; };
		B57917952CFD7E220011E825 /* CryptoToolTests.xctest */ = {isa = PBXFileReference; explicitFileType = wrapper.cfbundle; includeInIndex = 0; path = CryptoToolTests.xctest; sourceTree = BUILT_PRODUCTS_DIR; };
		B579179F2CFD7E220011E825 /* CryptoToolUITests.xctest */ = {isa = PBXFileReference; explicitFileType = wrapper.cfbundle; includeInIndex = 0; path = CryptoToolUITests.xctest; sourceTree = BUILT_PRODUCTS_DIR; };
/* End PBXFileReference section */

/* Begin PBXFileSystemSynchronizedRootGroup section */
		B57917862CFD7E210011E825 /* CryptoTool */ = {
			isa = PBXFileSystemSynchronizedRootGroup;
			path = CryptoTool;
			sourceTree = "<group>";
		};
		B57917982CFD7E220011E825 /* CryptoToolTests */ = {
			isa = PBXFileSystemSynchronizedRootGroup;
			path = CryptoToolTests;
			sourceTree = "<group>";
		};
		B57917A22CFD7E220011E825 /* CryptoToolUITests */ = {
			isa = PBXFileSystemSynchronizedRootGroup;
			path = CryptoToolUITests;
			sourceTree = "<group>";
		};
		B57917BD2CFD819A0011E825 /* Common */ = {
			isa = PBXFileSystemSynchronizedRootGroup;
			path = Common;
			sourceTree = "<group>";
		};
		B57917C72CFD86690011E825 /* Features */ = {
			isa = PBXFileSystemSynchronizedRootGroup;
			path = Features;
			sourceTree = "<group>";
		};
/* End PBXFileSystemSynchronizedRootGroup section */

/* Begin PBXFrameworksBuildPhase section */
		B57917812CFD7E210011E825 /* Frameworks */ = {
			isa = PBXFrameworksBuildPhase;
			buildActionMask = 2147483647;
			files = (
			);
			runOnlyForDeploymentPostprocessing = 0;
		};
		B57917922CFD7E220011E825 /* Frameworks */ = {
			isa = PBXFrameworksBuildPhase;
			buildActionMask = 2147483647;
			files = (
			);
			runOnlyForDeploymentPostprocessing = 0;
		};
		B579179C2CFD7E220011E825 /* Frameworks */ = {
			isa = PBXFrameworksBuildPhase;
			buildActionMask = 2147483647;
			files = (
			);
			runOnlyForDeploymentPostprocessing = 0;
		};
/* End PBXFrameworksBuildPhase section */

/* Begin PBXGroup section */
		B579177B2CFD7E210011E825 = {
			isa = PBXGroup;
			children = (
				B57917C72CFD86690011E825 /* Features */,
				B57917862CFD7E210011E825 /* CryptoTool */,
				B57917982CFD7E220011E825 /* CryptoToolTests */,
				B57917A22CFD7E220011E825 /* CryptoToolUITests */,
				B57917852CFD7E210011E825 /* Products */,
				B57917BD2CFD819A0011E825 /* Common */,
			);
			sourceTree = "<group>";
		};
		B57917852CFD7E210011E825 /* Products */ = {
			isa = PBXGroup;
			children = (
				B57917842CFD7E210011E825 /* CryptoTool.app */,
				B57917952CFD7E220011E825 /* CryptoToolTests.xctest */,
				B579179F2CFD7E220011E825 /* CryptoToolUITests.xctest */,
			);
			name = Products;
			sourceTree = "<group>";
		};
/* End PBXGroup section */

/* Begin PBXNativeTarget section */
		B57917832CFD7E210011E825 /* CryptoTool */ = {
			isa = PBXNativeTarget;
			buildConfigurationList = B57917A92CFD7E220011E825 /* Build configuration list for PBXNativeTarget "CryptoTool" */;
			buildPhases = (
				B57917802CFD7E210011E825 /* Sources */,
				B57917812CFD7E210011E825 /* Frameworks */,
				B57917822CFD7E210011E825 /* Resources */,
			);
			buildRules = (
			);
			dependencies = (
			);
			fileSystemSynchronizedGroups = (
				B57917862CFD7E210011E825 /* CryptoTool */,
				B57917BD2CFD819A0011E825 /* Common */,
				B57917C72CFD86690011E825 /* Features */,
			);
			name = CryptoTool;
			packageProductDependencies = (
			);
			productName = CryptoTool;
			productReference = B57917842CFD7E210011E825 /* CryptoTool.app */;
			productType = "com.apple.product-type.application";
		};
		B57917942CFD7E220011E825 /* CryptoToolTests */ = {
			isa = PBXNativeTarget;
			buildConfigurationList = B57917AC2CFD7E220011E825 /* Build configuration list for PBXNativeTarget "CryptoToolTests" */;
			buildPhases = (
				B57917912CFD7E220011E825 /* Sources */,
				B57917922CFD7E220011E825 /* Frameworks */,
				B57917932CFD7E220011E825 /* Resources */,
			);
			buildRules = (
			);
			dependencies = (
				B57917972CFD7E220011E825 /* PBXTargetDependency */,
			);
			fileSystemSynchronizedGroups = (
				B57917982CFD7E220011E825 /* CryptoToolTests */,
			);
			name = CryptoToolTests;
			packageProductDependencies = (
			);
			productName = CryptoToolTests;
			productReference = B57917952CFD7E220011E825 /* CryptoToolTests.xctest */;
			productType = "com.apple.product-type.bundle.unit-test";
		};
		B579179E2CFD7E220011E825 /* CryptoToolUITests */ = {
			isa = PBXNativeTarget;
			buildConfigurationList = B57917AF2CFD7E220011E825 /* Build configuration list for PBXNativeTarget "CryptoToolUITests" */;
			buildPhases = (
				B579179B2CFD7E220011E825 /* Sources */,
				B579179C2CFD7E220011E825 /* Frameworks */,
				B579179D2CFD7E220011E825 /* Resources */,
			);
			buildRules = (
			);
			dependencies = (
				B57917A12CFD7E220011E825 /* PBXTargetDependency */,
			);
			fileSystemSynchronizedGroups = (
				B57917A22CFD7E220011E825 /* CryptoToolUITests */,
			);
			name = CryptoToolUITests;
			packageProductDependencies = (
			);
			productName = CryptoToolUITests;
			productReference = B579179F2CFD7E220011E825 /* CryptoToolUITests.xctest */;
			productType = "com.apple.product-type.bundle.ui-testing";
		};
/* End PBXNativeTarget section */

/* Begin PBXProject section */
		B579177C2CFD7E210011E825 /* Project object */ = {
			isa = PBXProject;
			attributes = {
				BuildIndependentTargetsInParallel = 1;
				LastSwiftUpdateCheck = 1610;
				LastUpgradeCheck = 1610;
				TargetAttributes = {
					B57917832CFD7E210011E825 = {
						CreatedOnToolsVersion = 16.1;
					};
					B57917942CFD7E220011E825 = {
						CreatedOnToolsVersion = 16.1;
						TestTargetID = B57917832CFD7E210011E825;
					};
					B579179E2CFD7E220011E825 = {
						CreatedOnToolsVersion = 16.1;
						TestTargetID = B57917832CFD7E210011E825;
					};
				};
			};
			buildConfigurationList = B579177F2CFD7E210011E825 /* Build configuration list for PBXProject "CryptoTool" */;
			developmentRegion = en;
			hasScannedForEncodings = 0;
			knownRegions = (
				en,
				Base,
			);
			mainGroup = B579177B2CFD7E210011E825;
			minimizedProjectReferenceProxies = 1;
			preferredProjectObjectVersion = 77;
			productRefGroup = B57917852CFD7E210011E825 /* Products */;
			projectDirPath = "";
			projectRoot = "";
			targets = (
				B57917832CFD7E210011E825 /* CryptoTool */,
				B57917942CFD7E220011E825 /* CryptoToolTests */,
				B579179E2CFD7E220011E825 /* CryptoToolUITests */,
			);
		};
/* End PBXProject section */

/* Begin PBXResourcesBuildPhase section */
		B57917822CFD7E210011E825 /* Resources */ = {
			isa = PBXResourcesBuildPhase;
			buildActionMask = 2147483647;
			files = (
			);
			runOnlyForDeploymentPostprocessing = 0;
		};
		B57917932CFD7E220011E825 /* Resources */ = {
			isa = PBXResourcesBuildPhase;
			buildActionMask = 2147483647;
			files = (
			);
			runOnlyForDeploymentPostprocessing = 0;
		};
		B579179D2CFD7E220011E825 /* Resources */ = {
			isa = PBXResourcesBuildPhase;
			buildActionMask = 2147483647;
			files = (
			);
			runOnlyForDeploymentPostprocessing = 0;
		};
/* End PBXResourcesBuildPhase section */

/* Begin PBXSourcesBuildPhase section */
		B57917802CFD7E210011E825 /* Sources */ = {
			isa = PBXSourcesBuildPhase;
			buildActionMask = 2147483647;
			files = (
			);
			runOnlyForDeploymentPostprocessing = 0;
		};
		B57917912CFD7E220011E825 /* Sources */ = {
			isa = PBXSourcesBuildPhase;
			buildActionMask = 2147483647;
			files = (
			);
			runOnlyForDeploymentPostprocessing = 0;
		};
		B579179B2CFD7E220011E825 /* Sources */ = {
			isa = PBXSourcesBuildPhase;
			buildActionMask = 2147483647;
			files = (
			);
			runOnlyForDeploymentPostprocessing = 0;
		};
/* End PBXSourcesBuildPhase section */

/* Begin PBXTargetDependency section */
		B57917972CFD7E220011E825 /* PBXTargetDependency */ = {
			isa = PBXTargetDependency;
			target = B57917832CFD7E210011E825 /* CryptoTool */;
			targetProxy = B57917962CFD7E220011E825 /* PBXContainerItemProxy */;
		};
		B57917A12CFD7E220011E825 /* PBXTargetDependency */ = {
			isa = PBXTargetDependency;
			target = B57917832CFD7E210011E825 /* CryptoTool */;
			targetProxy = B57917A02CFD7E220011E825 /* PBXContainerItemProxy */;
		};
/* End PBXTargetDependency section */

/* Begin XCBuildConfiguration section */
		B57917A72CFD7E220011E825 /* Debug */ = {
			isa = XCBuildConfiguration;
			buildSettings = {
				ALWAYS_SEARCH_USER_PATHS = NO;
				ASSETCATALOG_COMPILER_GENERATE_SWIFT_ASSET_SYMBOL_EXTENSIONS = YES;
				CLANG_ANALYZER_NONNULL = YES;
				CLANG_ANALYZER_NUMBER_OBJECT_CONVERSION = YES_AGGRESSIVE;
				CLANG_CXX_LANGUAGE_STANDARD = "gnu++20";
				CLANG_ENABLE_MODULES = YES;
				CLANG_ENABLE_OBJC_ARC = YES;
				CLANG_ENABLE_OBJC_WEAK = YES;
				CLANG_WARN_BLOCK_CAPTURE_AUTORELEASING = YES;
				CLANG_WARN_BOOL_CONVERSION = YES;
				CLANG_WARN_COMMA = YES;
				CLANG_WARN_CONSTANT_CONVERSION = YES;
				CLANG_WARN_DEPRECATED_OBJC_IMPLEMENTATIONS = YES;
				CLANG_WARN_DIRECT_OBJC_ISA_USAGE = YES_ERROR;
				CLANG_WARN_DOCUMENTATION_COMMENTS = YES;
				CLANG_WARN_EMPTY_BODY = YES;
				CLANG_WARN_ENUM_CONVERSION = YES;
				CLANG_WARN_INFINITE_RECURSION = YES;
				CLANG_WARN_INT_CONVERSION = YES;
				CLANG_WARN_NON_LITERAL_NULL_CONVERSION = YES;
				CLANG_WARN_OBJC_IMPLICIT_RETAIN_SELF = YES;
				CLANG_WARN_OBJC_LITERAL_CONVERSION = YES;
				CLANG_WARN_OBJC_ROOT_CLASS = YES_ERROR;
				CLANG_WARN_QUOTED_INCLUDE_IN_FRAMEWORK_HEADER = YES;
				CLANG_WARN_RANGE_LOOP_ANALYSIS = YES;
				CLANG_WARN_STRICT_PROTOTYPES = YES;
				CLANG_WARN_SUSPICIOUS_MOVE = YES;
				CLANG_WARN_UNGUARDED_AVAILABILITY = YES_AGGRESSIVE;
				CLANG_WARN_UNREACHABLE_CODE = YES;
				CLANG_WARN__DUPLICATE_METHOD_MATCH = YES;
				COPY_PHASE_STRIP = NO;
				DEBUG_INFORMATION_FORMAT = dwarf;
				ENABLE_STRICT_OBJC_MSGSEND = YES;
				ENABLE_TESTABILITY = YES;
				ENABLE_USER_SCRIPT_SANDBOXING = YES;
				GCC_C_LANGUAGE_STANDARD = gnu17;
				GCC_DYNAMIC_NO_PIC = NO;
				GCC_NO_COMMON_BLOCKS = YES;
				GCC_OPTIMIZATION_LEVEL = 0;
				GCC_PREPROCESSOR_DEFINITIONS = (
					"DEBUG=1",
					"$(inherited)",
				);
				GCC_WARN_64_TO_32_BIT_CONVERSION = YES;
				GCC_WARN_ABOUT_RETURN_TYPE = YES_ERROR;
				GCC_WARN_UNDECLARED_SELECTOR = YES;
				GCC_WARN_UNINITIALIZED_AUTOS = YES_AGGRESSIVE;
				GCC_WARN_UNUSED_FUNCTION = YES;
				GCC_WARN_UNUSED_VARIABLE = YES;
				LOCALIZATION_PREFERS_STRING_CATALOGS = YES;
				MACOSX_DEPLOYMENT_TARGET = 15.1;
				MTL_ENABLE_DEBUG_INFO = INCLUDE_SOURCE;
				MTL_FAST_MATH = YES;
				ONLY_ACTIVE_ARCH = YES;
				SDKROOT = macosx;
				SWIFT_ACTIVE_COMPILATION_CONDITIONS = "DEBUG $(inherited)";
				SWIFT_OPTIMIZATION_LEVEL = "-Onone";
			};
			name = Debug;
		};
		B57917A82CFD7E220011E825 /* Release */ = {
			isa = XCBuildConfiguration;
			buildSettings = {
				ALWAYS_SEARCH_USER_PATHS = NO;
				ASSETCATALOG_COMPILER_GENERATE_SWIFT_ASSET_SYMBOL_EXTENSIONS = YES;
				CLANG_ANALYZER_NONNULL = YES;
				CLANG_ANALYZER_NUMBER_OBJECT_CONVERSION = YES_AGGRESSIVE;
				CLANG_CXX_LANGUAGE_STANDARD = "gnu++20";
				CLANG_ENABLE_MODULES = YES;
				CLANG_ENABLE_OBJC_ARC = YES;
				CLANG_ENABLE_OBJC_WEAK = YES;
				CLANG_WARN_BLOCK_CAPTURE_AUTORELEASING = YES;
				CLANG_WARN_BOOL_CONVERSION = YES;
				CLANG_WARN_COMMA = YES;
				CLANG_WARN_CONSTANT_CONVERSION = YES;
				CLANG_WARN_DEPRECATED_OBJC_IMPLEMENTATIONS = YES;
				CLANG_WARN_DIRECT_OBJC_ISA_USAGE = YES_ERROR;
				CLANG_WARN_DOCUMENTATION_COMMENTS = YES;
				CLANG_WARN_EMPTY_BODY = YES;
				CLANG_WARN_ENUM_CONVERSION = YES;
				CLANG_WARN_INFINITE_RECURSION = YES;
				CLANG_WARN_INT_CONVERSION = YES;
				CLANG_WARN_NON_LITERAL_NULL_CONVERSION = YES;
				CLANG_WARN_OBJC_IMPLICIT_RETAIN_SELF = YES;
				CLANG_WARN_OBJC_LITERAL_CONVERSION = YES;
				CLANG_WARN_OBJC_ROOT_CLASS = YES_ERROR;
				CLANG_WARN_QUOTED_INCLUDE_IN_FRAMEWORK_HEADER = YES;
				CLANG_WARN_RANGE_LOOP_ANALYSIS = YES;
				CLANG_WARN_STRICT_PROTOTYPES = YES;
				CLANG_WARN_SUSPICIOUS_MOVE = YES;
				CLANG_WARN_UNGUARDED_AVAILABILITY = YES_AGGRESSIVE;
				CLANG_WARN_UNREACHABLE_CODE = YES;
				CLANG_WARN__DUPLICATE_METHOD_MATCH = YES;
				COPY_PHASE_STRIP = NO;
				DEBUG_INFORMATION_FORMAT = "dwarf-with-dsym";
				ENABLE_NS_ASSERTIONS = NO;
				ENABLE_STRICT_OBJC_MSGSEND = YES;
				ENABLE_USER_SCRIPT_SANDBOXING = YES;
				GCC_C_LANGUAGE_STANDARD = gnu17;
				GCC_NO_COMMON_BLOCKS = YES;
				GCC_WARN_64_TO_32_BIT_CONVERSION = YES;
				GCC_WARN_ABOUT_RETURN_TYPE = YES_ERROR;
				GCC_WARN_UNDECLARED_SELECTOR = YES;
				GCC_WARN_UNINITIALIZED_AUTOS = YES_AGGRESSIVE;
				GCC_WARN_UNUSED_FUNCTION = YES;
				GCC_WARN_UNUSED_VARIABLE = YES;
				LOCALIZATION_PREFERS_STRING_CATALOGS = YES;
				MACOSX_DEPLOYMENT_TARGET = 15.1;
				MTL_ENABLE_DEBUG_INFO = NO;
				MTL_FAST_MATH = YES;
				SDKROOT = macosx;
				SWIFT_COMPILATION_MODE = wholemodule;
			};
			name = Release;
		};
		B57917AA2CFD7E220011E825 /* Debug */ = {
			isa = XCBuildConfiguration;
			buildSettings = {
				ASSETCATALOG_COMPILER_APPICON_NAME = AppIcon;
				ASSETCATALOG_COMPILER_GLOBAL_ACCENT_COLOR_NAME = AccentColor;
				CODE_SIGN_ENTITLEMENTS = CryptoTool/CryptoTool.entitlements;
				CODE_SIGN_STYLE = Automatic;
				COMBINE_HIDPI_IMAGES = YES;
				CURRENT_PROJECT_VERSION = 1;
				DEVELOPMENT_ASSET_PATHS = "\"CryptoTool/Preview Content\"";
				ENABLE_PREVIEWS = YES;
				GENERATE_INFOPLIST_FILE = YES;
				INFOPLIST_KEY_NSHumanReadableCopyright = "";
				LD_RUNPATH_SEARCH_PATHS = (
					"$(inherited)",
					"@executable_path/../Frameworks",
				);
				MARKETING_VERSION = 1.0;
				PRODUCT_BUNDLE_IDENTIFIER = com.yml.CryptoTool;
				PRODUCT_NAME = "$(TARGET_NAME)";
				SWIFT_EMIT_LOC_STRINGS = YES;
				SWIFT_VERSION = 5.0;
			};
			name = Debug;
		};
		B57917AB2CFD7E220011E825 /* Release */ = {
			isa = XCBuildConfiguration;
			buildSettings = {
				ASSETCATALOG_COMPILER_APPICON_NAME = AppIcon;
				ASSETCATALOG_COMPILER_GLOBAL_ACCENT_COLOR_NAME = AccentColor;
				CODE_SIGN_ENTITLEMENTS = CryptoTool/CryptoTool.entitlements;
				CODE_SIGN_STYLE = Automatic;
				COMBINE_HIDPI_IMAGES = YES;
				CURRENT_PROJECT_VERSION = 1;
				DEVELOPMENT_ASSET_PATHS = "\"CryptoTool/Preview Content\"";
				ENABLE_PREVIEWS = YES;
				GENERATE_INFOPLIST_FILE = YES;
				INFOPLIST_KEY_NSHumanReadableCopyright = "";
				LD_RUNPATH_SEARCH_PATHS = (
					"$(inherited)",
					"@executable_path/../Frameworks",
				);
				MARKETING_VERSION = 1.0;
				PRODUCT_BUNDLE_IDENTIFIER = com.yml.CryptoTool;
				PRODUCT_NAME = "$(TARGET_NAME)";
				SWIFT_EMIT_LOC_STRINGS = YES;
				SWIFT_VERSION = 5.0;
			};
			name = Release;
		};
		B57917AD2CFD7E220011E825 /* Debug */ = {
			isa = XCBuildConfiguration;
			buildSettings = {
				BUNDLE_LOADER = "$(TEST_HOST)";
				CODE_SIGN_STYLE = Automatic;
				CURRENT_PROJECT_VERSION = 1;
				GENERATE_INFOPLIST_FILE = YES;
				MACOSX_DEPLOYMENT_TARGET = 15.1;
				MARKETING_VERSION = 1.0;
				PRODUCT_BUNDLE_IDENTIFIER = com.yml.CryptoToolTests;
				PRODUCT_NAME = "$(TARGET_NAME)";
				SWIFT_EMIT_LOC_STRINGS = NO;
				SWIFT_VERSION = 5.0;
				TEST_HOST = "$(BUILT_PRODUCTS_DIR)/CryptoTool.app/$(BUNDLE_EXECUTABLE_FOLDER_PATH)/CryptoTool";
			};
			name = Debug;
		};
		B57917AE2CFD7E220011E825 /* Release */ = {
			isa = XCBuildConfiguration;
			buildSettings = {
				BUNDLE_LOADER = "$(TEST_HOST)";
				CODE_SIGN_STYLE = Automatic;
				CURRENT_PROJECT_VERSION = 1;
				GENERATE_INFOPLIST_FILE = YES;
				MACOSX_DEPLOYMENT_TARGET = 15.1;
				MARKETING_VERSION = 1.0;
				PRODUCT_BUNDLE_IDENTIFIER = com.yml.CryptoToolTests;
				PRODUCT_NAME = "$(TARGET_NAME)";
				SWIFT_EMIT_LOC_STRINGS = NO;
				SWIFT_VERSION = 5.0;
				TEST_HOST = "$(BUILT_PRODUCTS_DIR)/CryptoTool.app/$(BUNDLE_EXECUTABLE_FOLDER_PATH)/CryptoTool";
			};
			name = Release;
		};
		B57917B02CFD7E220011E825 /* Debug */ = {
			isa = XCBuildConfiguration;
			buildSettings = {
				CODE_SIGN_STYLE = Automatic;
				CURRENT_PROJECT_VERSION = 1;
				GENERATE_INFOPLIST_FILE = YES;
				MARKETING_VERSION = 1.0;
				PRODUCT_BUNDLE_IDENTIFIER = com.yml.CryptoToolUITests;
				PRODUCT_NAME = "$(TARGET_NAME)";
				SWIFT_EMIT_LOC_STRINGS = NO;
				SWIFT_VERSION = 5.0;
				TEST_TARGET_NAME = CryptoTool;
			};
			name = Debug;
		};
		B57917B12CFD7E220011E825 /* Release */ = {
			isa = XCBuildConfiguration;
			buildSettings = {
				CODE_SIGN_STYLE = Automatic;
				CURRENT_PROJECT_VERSION = 1;
				GENERATE_INFOPLIST_FILE = YES;
				MARKETING_VERSION = 1.0;
				PRODUCT_BUNDLE_IDENTIFIER = com.yml.CryptoToolUITests;
				PRODUCT_NAME = "$(TARGET_NAME)";
				SWIFT_EMIT_LOC_STRINGS = NO;
				SWIFT_VERSION = 5.0;
				TEST_TARGET_NAME = CryptoTool;
			};
			name = Release;
		};
/* End XCBuildConfiguration section */

/* Begin XCConfigurationList section */
		B579177F2CFD7E210011E825 /* Build configuration list for PBXProject "CryptoTool" */ = {
			isa = XCConfigurationList;
			buildConfigurations = (
				B57917A72CFD7E220011E825 /* Debug */,
				B57917A82CFD7E220011E825 /* Release */,
			);
			defaultConfigurationIsVisible = 0;
			defaultConfigurationName = Release;
		};
		B57917A92CFD7E220011E825 /* Build configuration list for PBXNativeTarget "CryptoTool" */ = {
			isa = XCConfigurationList;
			buildConfigurations = (
				B57917AA2CFD7E220011E825 /* Debug */,
				B57917AB2CFD7E220011E825 /* Release */,
			);
			defaultConfigurationIsVisible = 0;
			defaultConfigurationName = Release;
		};
		B57917AC2CFD7E220011E825 /* Build configuration list for PBXNativeTarget "CryptoToolTests" */ = {
			isa = XCConfigurationList;
			buildConfigurations = (
				B57917AD2CFD7E220011E825 /* Debug */,
				B57917AE2CFD7E220011E825 /* Release */,
			);
			defaultConfigurationIsVisible = 0;
			defaultConfigurationName = Release;
		};
		B57917AF2CFD7E220011E825 /* Build configuration list for PBXNativeTarget "CryptoToolUITests" */ = {
			isa = XCConfigurationList;
			buildConfigurations = (
				B57917B02CFD7E220011E825 /* Debug */,
				B57917B12CFD7E220011E825 /* Release */,
			);
			defaultConfigurationIsVisible = 0;
			defaultConfigurationName = Release;
		};
/* End XCConfigurationList section */
	};
	rootObject = B579177C2CFD7E210011E825 /* Project object */;
}
